
Microsoft Visual Studio Solution File, Format Version 12.00
# Visual Studio Version 16
VisualStudioVersion = 16.0.30709.64
MinimumVisualStudioVersion = 10.0.40219.1
Project("{FAE04EC0-301F-11D3-BF4B-00C04F79EFBC}") = "cw6", "cw6\cw6.csproj", "{EEE9B38C-0148-4ECC-8B24-43E6DC6A4081}"
EndProject
Global
	GlobalSection(SolutionConfigurationPlatforms) = preSolution
		Debug|Any CPU = Debug|Any CPU
		Release|Any CPU = Release|Any CPU
	EndGlobalSection
	GlobalSection(ProjectConfigurationPlatforms) = postSolution
		{EEE9B38C-0148-4ECC-8B24-43E6DC6A4081}.Debug|Any CPU.ActiveCfg = Debug|Any CPU
		{EEE9B38C-0148-4ECC-8B24-43E6DC6A4081}.Debug|Any CPU.Build.0 = Debug|Any CPU
		{EEE9B38C-0148-4ECC-8B24-43E6DC6A4081}.Release|Any CPU.ActiveCfg = Release|Any CPU
		{EEE9B38C-0148-4ECC-8B24-43E6DC6A4081}.Release|Any CPU.Build.0 = Release|Any CPU
	EndGlobalSection
	GlobalSection(SolutionProperties) = preSolution
		HideSolutionNode = FALSE
	EndGlobalSection
	GlobalSection(ExtensibilityGlobals) = postSolution
		SolutionGuid = {DE8ADFCE-43DE-457B-B179-CC6A7AABC431}
	EndGlobalSection
EndGlobal
